PODS:
  - Colours (5.6.1)
  - Expecta (0.3.2)
  - Expecta+Snapshots (1.3.1):
    - Expecta
    - FBSnapshotTestCase
  - FBSnapshotTestCase (1.5)
  - NNExtends (0.1.0):
    - Colours
  - Specta (0.3.2)

DEPENDENCIES:
  - Expecta
  - Expecta+Snapshots
  - FBSnapshotTestCase
  - NNExtends (from `../`)
  - Specta

EXTERNAL SOURCES:
  NNExtends:
    :path: ../

SPEC CHECKSUMS:
  Colours: ecbcbb168f7e6190b76b34df1b477c103cb638eb
  Expecta: ee641011fe10aa1855d487b40e4976dac50ec342
  Expecta+Snapshots: 4a56b9411c6ed156987072e52c39de67d864015a
  FBSnapshotTestCase: e2914fbaabccea1dcc773d6a16b1c24540642488
  NNExtends: 3313bd23b2477c410a7bac615fd194e8b44ea5ba
  Specta: 698a58ffa5ec948327d3b92eab50ca58d7f4fbe8

COCOAPODS: 0.35.0
